{
  "name": "@ntlab/webrobot",
  "version": "1.0.0",
  "lockfileVersion": 1,
  "requires": true,
  "dependencies": {
    "@ntlab/ntlib": {
      "version": "1.0.1",
      "resolved": "https://registry.npmjs.org/@ntlab/ntlib/-/ntlib-1.0.1.tgz",
      "integrity": "sha512-qPajsOuQu6/kmFln3FT8YXDcgmfG63X06eoqdJcQ21rOg6ePTMtgSvYZ+/JdTVRb2lGjbdIba4lrTZgpEECsiQ=="
    }
  }
}
